
Microsoft Visual Studio Solution File, Format Version 12.00
# Visual Studio Version 17
VisualStudioVersion = 17.1.32414.318
MinimumVisualStudioVersion = 10.0.40219.1
Project("{9A19103F-16F7-4668-BE54-9A1E7A4F7556}") = "pscommander", "pscommander\pscommander.csproj", "{F1B1F8AB-0E8B-4BFD-9B74-D1588418A35C}"
EndProject
Project("{9A19103F-16F7-4668-BE54-9A1E7A4F7556}") = "pscommander.models", "pscommander.models\pscommander.models.csproj", "{FA22163A-BFAE-4CBF-9A92-E5030B48EA69}"
EndProject
Global
	GlobalSection(SolutionConfigurationPlatforms) = preSolution
		Debug|Any CPU = Debug|Any CPU
		Release|Any CPU = Release|Any CPU
	EndGlobalSection
	GlobalSection(ProjectConfigurationPlatforms) = postSolution
		{F1B1F8AB-0E8B-4BFD-9B74-D1588418A35C}.Debug|Any CPU.ActiveCfg = Debug|Any CPU
		{F1B1F8AB-0E8B-4BFD-9B74-D1588418A35C}.Debug|Any CPU.Build.0 = Debug|Any CPU
		{F1B1F8AB-0E8B-4BFD-9B74-D1588418A35C}.Release|Any CPU.ActiveCfg = Release|Any CPU
		{F1B1F8AB-0E8B-4BFD-9B74-D1588418A35C}.Release|Any CPU.Build.0 = Release|Any CPU
		{FA22163A-BFAE-4CBF-9A92-E5030B48EA69}.Debug|Any CPU.ActiveCfg = Debug|Any CPU
		{FA22163A-BFAE-4CBF-9A92-E5030B48EA69}.Debug|Any CPU.Build.0 = Debug|Any CPU
		{FA22163A-BFAE-4CBF-9A92-E5030B48EA69}.Release|Any CPU.ActiveCfg = Release|Any CPU
		{FA22163A-BFAE-4CBF-9A92-E5030B48EA69}.Release|Any CPU.Build.0 = Release|Any CPU
	EndGlobalSection
	GlobalSection(SolutionProperties) = preSolution
		HideSolutionNode = FALSE
	EndGlobalSection
	GlobalSection(ExtensibilityGlobals) = postSolution
		SolutionGuid = {54E3594A-FA41-488B-89D9-8800C590CBF9}
	EndGlobalSection
EndGlobal
